// !$*UTF8*$!
{
	archiveVersion = 1;
	classes = {
	};
	objectVersion = 46;
	objects = {

/* Begin PBXBuildFile section */
		33FDAA4426DD843955AD16FC /* Pods_LegUpUITests.framework in Frameworks */ = {isa = PBXBuildFile; fileRef = 78DBA5C4B4B3B540F62928A0 /* Pods_LegUpUITests.framework */; };
		3882BEF11E4AA5AF000CD03F /* AppDelegate.swift in Sources */ = {isa = PBXBuildFile; fileRef = 3882BEF01E4AA5AF000CD03F /* AppDelegate.swift */; };
		3882BEF31E4AA5AF000CD03F /* ViewController.swift in Sources */ = {isa = PBXBuildFile; fileRef = 3882BEF21E4AA5AF000CD03F /* ViewController.swift */; };
		3882BEF61E4AA5AF000CD03F /* Main.storyboard in Resources */ = {isa = PBXBuildFile; fileRef = 3882BEF41E4AA5AF000CD03F /* Main.storyboard */; };
		3882BEF91E4AA5AF000CD03F /* LegUp.xcdatamodeld in Sources */ = {isa = PBXBuildFile; fileRef = 3882BEF71E4AA5AF000CD03F /* LegUp.xcdatamodeld */; };
		3882BEFB1E4AA5AF000CD03F /* Assets.xcassets in Resources */ = {isa = PBXBuildFile; fileRef = 3882BEFA1E4AA5AF000CD03F /* Assets.xcassets */; };
		3882BEFE1E4AA5AF000CD03F /* LaunchScreen.storyboard in Resources */ = {isa = PBXBuildFile; fileRef = 3882BEFC1E4AA5AF000CD03F /* LaunchScreen.storyboard */; };
		3882BF091E4AA5AF000CD03F /* LegUpTests.swift in Sources */ = {isa = PBXBuildFile; fileRef = 3882BF081E4AA5AF000CD03F /* LegUpTests.swift */; };
		3882BF141E4AA5AF000CD03F /* LegUpUITests.swift in Sources */ = {isa = PBXBuildFile; fileRef = 3882BF131E4AA5AF000CD03F /* LegUpUITests.swift */; };
		61B486433C11445CCB5EB10A /* Pods_LegUp.framework in Frameworks */ = {isa = PBXBuildFile; fileRef = DD95CFE46113665B4F0ADEDD /* Pods_LegUp.framework */; };
		963DB8CC0529B5677289586F /* Pods_LegUpTests.framework in Frameworks */ = {isa = PBXBuildFile; fileRef = 96CBCB896AF00354E976EB38 /* Pods_LegUpTests.framework */; };
/* End PBXBuildFile section */

/* Begin PBXContainerItemProxy section */
		3882BF051E4AA5AF000CD03F /* PBXContainerItemProxy */ = {
			isa = PBXContainerItemProxy;
			containerPortal = 3882BEE51E4AA5AE000CD03F /* Project object */;
			proxyType = 1;
			remoteGlobalIDString = 3882BEEC1E4AA5AE000CD03F;
			remoteInfo = LegUp;
		};
		3882BF101E4AA5AF000CD03F /* PBXContainerItemProxy */ = {
			isa = PBXContainerItemProxy;
			containerPortal = 3882BEE51E4AA5AE000CD03F /* Project object */;
			proxyType = 1;
			remoteGlobalIDString = 3882BEEC1E4AA5AE000CD03F;
			remoteInfo = LegUp;
		};
/* End PBXContainerItemProxy section */

/* Begin PBXFileReference section */
		020E34D153F044789C831FB2 /* Pods-LegUp.release.xcconfig */ = {isa = PBXFileReference; includeInIndex = 1; lastKnownFileType = text.xcconfig; name = "Pods-LegUp.release.xcconfig"; path = "Pods/Target Support Files/Pods-LegUp/Pods-LegUp.release.xcconfig"; sourceTree = "<group>"; };
		3882BEED1E4AA5AF000CD03F /* LegUp.app */ = {isa = PBXFileReference; explicitFileType = wrapper.application; includeInIndex = 0; path = LegUp.app; sourceTree = BUILT_PRODUCTS_DIR; };
		3882BEF01E4AA5AF000CD03F /* AppDelegate.swift */ = {isa = PBXFileReference; lastKnownFileType = sourcecode.swift; path = AppDelegate.swift; sourceTree = "<group>"; };
		3882BEF21E4AA5AF000CD03F /* ViewController.swift */ = {isa = PBXFileReference; lastKnownFileType = sourcecode.swift; path = ViewController.swift; sourceTree = "<group>"; };
		3882BEF51E4AA5AF000CD03F /* Base */ = {isa = PBXFileReference; lastKnownFileType = file.storyboard; name = Base; path = Base.lproj/Main.storyboard; sourceTree = "<group>"; };
		3882BEF81E4AA5AF000CD03F /* LegUp.xcdatamodel */ = {isa = PBXFileReference; lastKnownFileType = wrapper.xcdatamodel; path = LegUp.xcdatamodel; sourceTree = "<group>"; };
		3882BEFA1E4AA5AF000CD03F /* Assets.xcassets */ = {isa = PBXFileReference; lastKnownFileType = folder.assetcatalog; path = Assets.xcassets; sourceTree = "<group>"; };
		3882BEFD1E4AA5AF000CD03F /* Base */ = {isa = PBXFileReference; lastKnownFileType = file.storyboard; name = Base; path = Base.lproj/LaunchScreen.storyboard; sourceTree = "<group>"; };
		3882BEFF1E4AA5AF000CD03F /* Info.plist */ = {isa = PBXFileReference; lastKnownFileType = text.plist.xml; path = Info.plist; sourceTree = "<group>"; };
		3882BF041E4AA5AF000CD03F /* LegUpTests.xctest */ = {isa = PBXFileReference; explicitFileType = wrapper.cfbundle; includeInIndex = 0; path = LegUpTests.xctest; sourceTree = BUILT_PRODUCTS_DIR; };
		3882BF081E4AA5AF000CD03F /* LegUpTests.swift */ = {isa = PBXFileReference; lastKnownFileType = sourcecode.swift; path = LegUpTests.swift; sourceTree = "<group>"; };
		3882BF0A1E4AA5AF000CD03F /* Info.plist */ = {isa = PBXFileReference; lastKnownFileType = text.plist.xml; path = Info.plist; sourceTree = "<group>"; };
		3882BF0F1E4AA5AF000CD03F /* LegUpUITests.xctest */ = {isa = PBXFileReference; explicitFileType = wrapper.cfbundle; includeInIndex = 0; path = LegUpUITests.xctest; sourceTree = BUILT_PRODUCTS_DIR; };
		3882BF131E4AA5AF000CD03F /* LegUpUITests.swift */ = {isa = PBXFileReference; lastKnownFileType = sourcecode.swift; path = LegUpUITests.swift; sourceTree = "<group>"; };
		3882BF151E4AA5AF000CD03F /* Info.plist */ = {isa = PBXFileReference; lastKnownFileType = text.plist.xml; path = Info.plist; sourceTree = "<group>"; };
		565D2966BED73D3A05469075 /* Pods-LegUpUITests.debug.xcconfig */ = {isa = PBXFileReference; includeInIndex = 1; lastKnownFileType = text.xcconfig; name = "Pods-LegUpUITests.debug.xcconfig"; path = "Pods/Target Support Files/Pods-LegUpUITests/Pods-LegUpUITests.debug.xcconfig"; sourceTree = "<group>"; };
		78DBA5C4B4B3B540F62928A0 /* Pods_LegUpUITests.framework */ = {isa = PBXFileReference; explicitFileType = wrapper.framework; includeInIndex = 0; path = Pods_LegUpUITests.framework; sourceTree = BUILT_PRODUCTS_DIR; };
		926C8D43A1013FA74DBEB55C /* Pods-LegUp.debug.xcconfig */ = {isa = PBXFileReference; includeInIndex = 1; lastKnownFileType = text.xcconfig; name = "Pods-LegUp.debug.xcconfig"; path = "Pods/Target Support Files/Pods-LegUp/Pods-LegUp.debug.xcconfig"; sourceTree = "<group>"; };
		96CBCB896AF00354E976EB38 /* Pods_LegUpTests.framework */ = {isa = PBXFileReference; explicitFileType = wrapper.framework; includeInIndex = 0; path = Pods_LegUpTests.framework; sourceTree = BUILT_PRODUCTS_DIR; };
		CE1B8FB8EAA0398FC33C6D5F /* Pods-LegUpTests.release.xcconfig */ = {isa = PBXFileReference; includeInIndex = 1; lastKnownFileType = text.xcconfig; name = "Pods-LegUpTests.release.xcconfig"; path = "Pods/Target Support Files/Pods-LegUpTests/Pods-LegUpTests.release.xcconfig"; sourceTree = "<group>"; };
		DAA217FEDC53C525C5917BF3 /* Pods-LegUpTests.debug.xcconfig */ = {isa = PBXFileReference; includeInIndex = 1; lastKnownFileType = text.xcconfig; name = "Pods-LegUpTests.debug.xcconfig"; path = "Pods/Target Support Files/Pods-LegUpTests/Pods-LegUpTests.debug.xcconfig"; sourceTree = "<group>"; };
		DD95CFE46113665B4F0ADEDD /* Pods_LegUp.framework */ = {isa = PBXFileReference; explicitFileType = wrapper.framework; includeInIndex = 0; path = Pods_LegUp.framework; sourceTree = BUILT_PRODUCTS_DIR; };
		DF3ED9CC924EFF7619998D45 /* Pods-LegUpUITests.release.xcconfig */ = {isa = PBXFileReference; includeInIndex = 1; lastKnownFileType = text.xcconfig; name = "Pods-LegUpUITests.release.xcconfig"; path = "Pods/Target Support Files/Pods-LegUpUITests/Pods-LegUpUITests.release.xcconfig"; sourceTree = "<group>"; };
/* End PBXFileReference section */

/* Begin PBXFrameworksBuildPhase section */
		3882BEEA1E4AA5AE000CD03F /* Frameworks */ = {
			isa = PBXFrameworksBuildPhase;
			buildActionMask = 2147483647;
			files = (
				61B486433C11445CCB5EB10A /* Pods_LegUp.framework in Frameworks */,
			);
			runOnlyForDeploymentPostprocessing = 0;
		};
		3882BF011E4AA5AF000CD03F /* Frameworks */ = {
			isa = PBXFrameworksBuildPhase;
			buildActionMask = 2147483647;
			files = (
				963DB8CC0529B5677289586F /* Pods_LegUpTests.framework in Frameworks */,
			);
			runOnlyForDeploymentPostprocessing = 0;
		};
		3882BF0C1E4AA5AF000CD03F /* Frameworks */ = {
			isa = PBXFrameworksBuildPhase;
			buildActionMask = 2147483647;
			files = (
				33FDAA4426DD843955AD16FC /* Pods_LegUpUITests.framework in Frameworks */,
			);
			runOnlyForDeploymentPostprocessing = 0;
		};
/* End PBXFrameworksBuildPhase section */

/* Begin PBXGroup section */
		3882BEE41E4AA5AE000CD03F = {
			isa = PBXGroup;
			children = (
				3882BEEF1E4AA5AF000CD03F /* LegUp */,
				3882BF071E4AA5AF000CD03F /* LegUpTests */,
				3882BF121E4AA5AF000CD03F /* LegUpUITests */,
				3882BEEE1E4AA5AF000CD03F /* Products */,
				D8BBF28EE6DF8376D00FA7D3 /* Pods */,
				EC5A518C71112003CA4C86E3 /* Frameworks */,
			);
			sourceTree = "<group>";
		};
		3882BEEE1E4AA5AF000CD03F /* Products */ = {
			isa = PBXGroup;
			children = (
				3882BEED1E4AA5AF000CD03F /* LegUp.app */,
				3882BF041E4AA5AF000CD03F /* LegUpTests.xctest */,
				3882BF0F1E4AA5AF000CD03F /* LegUpUITests.xctest */,
			);
			name = Products;
			sourceTree = "<group>";
		};
		3882BEEF1E4AA5AF000CD03F /* LegUp */ = {
			isa = PBXGroup;
			children = (
				3882BEF01E4AA5AF000CD03F /* AppDelegate.swift */,
				3882BEF21E4AA5AF000CD03F /* ViewController.swift */,
				3882BEF41E4AA5AF000CD03F /* Main.storyboard */,
				3882BEFA1E4AA5AF000CD03F /* Assets.xcassets */,
				3882BEFC1E4AA5AF000CD03F /* LaunchScreen.storyboard */,
				3882BEFF1E4AA5AF000CD03F /* Info.plist */,
				3882BEF71E4AA5AF000CD03F /* LegUp.xcdatamodeld */,
			);
			path = LegUp;
			sourceTree = "<group>";
		};
		3882BF071E4AA5AF000CD03F /* LegUpTests */ = {
			isa = PBXGroup;
			children = (
				3882BF081E4AA5AF000CD03F /* LegUpTests.swift */,
				3882BF0A1E4AA5AF000CD03F /* Info.plist */,
			);
			path = LegUpTests;
			sourceTree = "<group>";
		};
		3882BF121E4AA5AF000CD03F /* LegUpUITests */ = {
			isa = PBXGroup;
			children = (
				3882BF131E4AA5AF000CD03F /* LegUpUITests.swift */,
				3882BF151E4AA5AF000CD03F /* Info.plist */,
			);
			path = LegUpUITests;
			sourceTree = "<group>";
		};
		D8BBF28EE6DF8376D00FA7D3 /* Pods */ = {
			isa = PBXGroup;
			children = (
				926C8D43A1013FA74DBEB55C /* Pods-LegUp.debug.xcconfig */,
				020E34D153F044789C831FB2 /* Pods-LegUp.release.xcconfig */,
				DAA217FEDC53C525C5917BF3 /* Pods-LegUpTests.debug.xcconfig */,
				CE1B8FB8EAA0398FC33C6D5F /* Pods-LegUpTests.release.xcconfig */,
				565D2966BED73D3A05469075 /* Pods-LegUpUITests.debug.xcconfig */,
				DF3ED9CC924EFF7619998D45 /* Pods-LegUpUITests.release.xcconfig */,
			);
			name = Pods;
			sourceTree = "<group>";
		};
		EC5A518C71112003CA4C86E3 /* Frameworks */ = {
			isa = PBXGroup;
			children = (
				DD95CFE46113665B4F0ADEDD /* Pods_LegUp.framework */,
				96CBCB896AF00354E976EB38 /* Pods_LegUpTests.framework */,
				78DBA5C4B4B3B540F62928A0 /* Pods_LegUpUITests.framework */,
			);
			name = Frameworks;
			sourceTree = "<group>";
		};
/* End PBXGroup section */

/* Begin PBXNativeTarget section */
		3882BEEC1E4AA5AE000CD03F /* LegUp */ = {
			isa = PBXNativeTarget;
			buildConfigurationList = 3882BF181E4AA5AF000CD03F /* Build configuration list for PBXNativeTarget "LegUp" */;
			buildPhases = (
				61C392EB406FB33324BCA81F /* [CP] Check Pods Manifest.lock */,
				3882BEE91E4AA5AE000CD03F /* Sources */,
				3882BEEA1E4AA5AE000CD03F /* Frameworks */,
				3882BEEB1E4AA5AE000CD03F /* Resources */,
				D93B110870A0F73032B7C68E /* [CP] Embed Pods Frameworks */,
				276F0C214B1B8120560318BD /* [CP] Copy Pods Resources */,
			);
			buildRules = (
			);
			dependencies = (
			);
			name = LegUp;
			productName = LegUp;
			productReference = 3882BEED1E4AA5AF000CD03F /* LegUp.app */;
			productType = "com.apple.product-type.application";
		};
		3882BF031E4AA5AF000CD03F /* LegUpTests */ = {
			isa = PBXNativeTarget;
			buildConfigurationList = 3882BF1B1E4AA5AF000CD03F /* Build configuration list for PBXNativeTarget "LegUpTests" */;
			buildPhases = (
				2D5BFD6515F5B7E04179C81E /* [CP] Check Pods Manifest.lock */,
				3882BF001E4AA5AF000CD03F /* Sources */,
				3882BF011E4AA5AF000CD03F /* Frameworks */,
				3882BF021E4AA5AF000CD03F /* Resources */,
				01AD602A5EFF5CD375DF1CFA /* [CP] Embed Pods Frameworks */,
				A7C804C0409352F492FC1622 /* [CP] Copy Pods Resources */,
			);
			buildRules = (
			);
			dependencies = (
				3882BF061E4AA5AF000CD03F /* PBXTargetDependency */,
			);
			name = LegUpTests;
			productName = LegUpTests;
			productReference = 3882BF041E4AA5AF000CD03F /* LegUpTests.xctest */;
			productType = "com.apple.product-type.bundle.unit-test";
		};
		3882BF0E1E4AA5AF000CD03F /* LegUpUITests */ = {
			isa = PBXNativeTarget;
			buildConfigurationList = 3882BF1E1E4AA5AF000CD03F /* Build configuration list for PBXNativeTarget "LegUpUITests" */;
			buildPhases = (
				FADC2B18CC1AD685F2C0213C /* [CP] Check Pods Manifest.lock */,
				3882BF0B1E4AA5AF000CD03F /* Sources */,
				3882BF0C1E4AA5AF000CD03F /* Frameworks */,
				3882BF0D1E4AA5AF000CD03F /* Resources */,
				C1A32F51E3FBF4CDDE6DA9B7 /* [CP] Embed Pods Frameworks */,
				CE4EA2F111FA3AD92DF775D9 /* [CP] Copy Pods Resources */,
			);
			buildRules = (
			);
			dependencies = (
				3882BF111E4AA5AF000CD03F /* PBXTargetDependency */,
			);
			name = LegUpUITests;
			productName = LegUpUITests;
			productReference = 3882BF0F1E4AA5AF000CD03F /* LegUpUITests.xctest */;
			productType = "com.apple.product-type.bundle.ui-testing";
		};
/* End PBXNativeTarget section */

/* Begin PBXProject section */
		3882BEE51E4AA5AE000CD03F /* Project object */ = {
			isa = PBXProject;
			attributes = {
				LastSwiftUpdateCheck = 0730;
				LastUpgradeCheck = 0820;
				ORGANIZATIONNAME = "Ayanna Kosoko";
				TargetAttributes = {
					3882BEEC1E4AA5AE000CD03F = {
						CreatedOnToolsVersion = 7.3.1;
						DevelopmentTeam = DWU3HEQTV9;
						LastSwiftMigration = 0820;
					};
					3882BF031E4AA5AF000CD03F = {
						CreatedOnToolsVersion = 7.3.1;
						LastSwiftMigration = 0820;
						TestTargetID = 3882BEEC1E4AA5AE000CD03F;
					};
					3882BF0E1E4AA5AF000CD03F = {
						CreatedOnToolsVersion = 7.3.1;
						LastSwiftMigration = 0820;
						TestTargetID = 3882BEEC1E4AA5AE000CD03F;
					};
				};
			};
			buildConfigurationList = 3882BEE81E4AA5AE000CD03F /* Build configuration list for PBXProject "LegUp" */;
			compatibilityVersion = "Xcode 3.2";
			developmentRegion = English;
			hasScannedForEncodings = 0;
			knownRegions = (
				en,
				Base,
			);
			mainGroup = 3882BEE41E4AA5AE000CD03F;
			productRefGroup = 3882BEEE1E4AA5AF000CD03F /* Products */;
			projectDirPath = "";
			projectRoot = "";
			targets = (
				3882BEEC1E4AA5AE000CD03F /* LegUp */,
				3882BF031E4AA5AF000CD03F /* LegUpTests */,
				3882BF0E1E4AA5AF000CD03F /* LegUpUITests */,
			);
		};
/* End PBXProject section */

/* Begin PBXResourcesBuildPhase section */
		3882BEEB1E4AA5AE000CD03F /* Resources */ = {
			isa = PBXResourcesBuildPhase;
			buildActionMask = 2147483647;
			files = (
				3882BEFE1E4AA5AF000CD03F /* LaunchScreen.storyboard in Resources */,
				3882BEFB1E4AA5AF000CD03F /* Assets.xcassets in Resources */,
				3882BEF61E4AA5AF000CD03F /* Main.storyboard in Resources */,
			);
			runOnlyForDeploymentPostprocessing = 0;
		};
		3882BF021E4AA5AF000CD03F /* Resources */ = {
			isa = PBXResourcesBuildPhase;
			buildActionMask = 2147483647;
			files = (
			);
			runOnlyForDeploymentPostprocessing = 0;
		};
		3882BF0D1E4AA5AF000CD03F /* Resources */ = {
			isa = PBXResourcesBuildPhase;
			buildActionMask = 2147483647;
			files = (
			);
			runOnlyForDeploymentPostprocessing = 0;
		};
/* End PBXResourcesBuildPhase section */

/* Begin PBXShellScriptBuildPhase section */
		01AD602A5EFF5CD375DF1CFA /* [CP] Embed Pods Frameworks */ = {
			isa = PBXShellScriptBuildPhase;
			buildActionMask = 2147483647;
			files = (
			);
			inputPaths = (
			);
			name = "[CP] Embed Pods Frameworks";
			outputPaths = (
			);
			runOnlyForDeploymentPostprocessing = 0;
			shellPath = /bin/sh;
			shellScript = "\"${SRCROOT}/Pods/Target Support Files/Pods-LegUpTests/Pods-LegUpTests-frameworks.sh\"\n";
			showEnvVarsInLog = 0;
		};
		276F0C214B1B8120560318BD /* [CP] Copy Pods Resources */ = {
			isa = PBXShellScriptBuildPhase;
			buildActionMask = 2147483647;
			files = (
			);
			inputPaths = (
			);
			name = "[CP] Copy Pods Resources";
			outputPaths = (
			);
			runOnlyForDeploymentPostprocessing = 0;
			shellPath = /bin/sh;
			shellScript = "\"${SRCROOT}/Pods/Target Support Files/Pods-LegUp/Pods-LegUp-resources.sh\"\n";
			showEnvVarsInLog = 0;
		};
		2D5BFD6515F5B7E04179C81E /* [CP] Check Pods Manifest.lock */ = {
			isa = PBXShellScriptBuildPhase;
			buildActionMask = 2147483647;
			files = (
			);
			inputPaths = (
			);
			name = "[CP] Check Pods Manifest.lock";
			outputPaths = (
			);
			runOnlyForDeploymentPostprocessing = 0;
			shellPath = /bin/sh;
			shellScript = "diff \"${PODS_ROOT}/../Podfile.lock\" \"${PODS_ROOT}/Manifest.lock\" > /dev/null\nif [ $? != 0 ] ; then\n    # print error to STDERR\n    echo \"error: The sandbox is not in sync with the Podfile.lock. Run 'pod install' or update your CocoaPods installation.\" >&2\n    exit 1\nfi\n";
			showEnvVarsInLog = 0;
		};
		61C392EB406FB33324BCA81F /* [CP] Check Pods Manifest.lock */ = {
			isa = PBXShellScriptBuildPhase;
			buildActionMask = 2147483647;
			files = (
			);
			inputPaths = (
			);
			name = "[CP] Check Pods Manifest.lock";
			outputPaths = (
			);
			runOnlyForDeploymentPostprocessing = 0;
			shellPath = /bin/sh;
			shellScript = "diff \"${PODS_ROOT}/../Podfile.lock\" \"${PODS_ROOT}/Manifest.lock\" > /dev/null\nif [ $? != 0 ] ; then\n    # print error to STDERR\n    echo \"error: The sandbox is not in sync with the Podfile.lock. Run 'pod install' or update your CocoaPods installation.\" >&2\n    exit 1\nfi\n";
			showEnvVarsInLog = 0;
		};
		A7C804C0409352F492FC1622 /* [CP] Copy Pods Resources */ = {
			isa = PBXShellScriptBuildPhase;
			buildActionMask = 2147483647;
			files = (
			);
			inputPaths = (
			);
			name = "[CP] Copy Pods Resources";
			outputPaths = (
			);
			runOnlyForDeploymentPostprocessing = 0;
			shellPath = /bin/sh;
			shellScript = "\"${SRCROOT}/Pods/Target Support Files/Pods-LegUpTests/Pods-LegUpTests-resources.sh\"\n";
			showEnvVarsInLog = 0;
		};
		C1A32F51E3FBF4CDDE6DA9B7 /* [CP] Embed Pods Frameworks */ = {
			isa = PBXShellScriptBuildPhase;
			buildActionMask = 2147483647;
			files = (
			);
			inputPaths = (
			);
			name = "[CP] Embed Pods Frameworks";
			outputPaths = (
			);
			runOnlyForDeploymentPostprocessing = 0;
			shellPath = /bin/sh;
			shellScript = "\"${SRCROOT}/Pods/Target Support Files/Pods-LegUpUITests/Pods-LegUpUITests-frameworks.sh\"\n";
			showEnvVarsInLog = 0;
		};
		CE4EA2F111FA3AD92DF775D9 /* [CP] Copy Pods Resources */ = {
			isa = PBXShellScriptBuildPhase;
			buildActionMask = 2147483647;
			files = (
			);
			inputPaths = (
			);
			name = "[CP] Copy Pods Resources";
			outputPaths = (
			);
			runOnlyForDeploymentPostprocessing = 0;
			shellPath = /bin/sh;
			shellScript = "\"${SRCROOT}/Pods/Target Support Files/Pods-LegUpUITests/Pods-LegUpUITests-resources.sh\"\n";
			showEnvVarsInLog = 0;
		};
		D93B110870A0F73032B7C68E /* [CP] Embed Pods Frameworks */ = {
			isa = PBXShellScriptBuildPhase;
			buildActionMask = 2147483647;
			files = (
			);
			inputPaths = (
			);
			name = "[CP] Embed Pods Frameworks";
			outputPaths = (
			);
			runOnlyForDeploymentPostprocessing = 0;
			shellPath = /bin/sh;
			shellScript = "\"${SRCROOT}/Pods/Target Support Files/Pods-LegUp/Pods-LegUp-frameworks.sh\"\n";
			showEnvVarsInLog = 0;
		};
		FADC2B18CC1AD685F2C0213C /* [CP] Check Pods Manifest.lock */ = {
			isa = PBXShellScriptBuildPhase;
			buildActionMask = 2147483647;
			files = (
			);
			inputPaths = (
			);
			name = "[CP] Check Pods Manifest.lock";
			outputPaths = (
			);
			runOnlyForDeploymentPostprocessing = 0;
			shellPath = /bin/sh;
			shellScript = "diff \"${PODS_ROOT}/../Podfile.lock\" \"${PODS_ROOT}/Manifest.lock\" > /dev/null\nif [ $? != 0 ] ; then\n    # print error to STDERR\n    echo \"error: The sandbox is not in sync with the Podfile.lock. Run 'pod install' or update your CocoaPods installation.\" >&2\n    exit 1\nfi\n";
			showEnvVarsInLog = 0;
		};
/* End PBXShellScriptBuildPhase section */

/* Begin PBXSourcesBuildPhase section */
		3882BEE91E4AA5AE000CD03F /* Sources */ = {
			isa = PBXSourcesBuildPhase;
			buildActionMask = 2147483647;
			files = (
				3882BEF31E4AA5AF000CD03F /* ViewController.swift in Sources */,
				3882BEF11E4AA5AF000CD03F /* AppDelegate.swift in Sources */,
				3882BEF91E4AA5AF000CD03F /* LegUp.xcdatamodeld in Sources */,
			);
			runOnlyForDeploymentPostprocessing = 0;
		};
		3882BF001E4AA5AF000CD03F /* Sources */ = {
			isa = PBXSourcesBuildPhase;
			buildActionMask = 2147483647;
			files = (
				3882BF091E4AA5AF000CD03F /* LegUpTests.swift in Sources */,
			);
			runOnlyForDeploymentPostprocessing = 0;
		};
		3882BF0B1E4AA5AF000CD03F /* Sources */ = {
			isa = PBXSourcesBuildPhase;
			buildActionMask = 2147483647;
			files = (
				3882BF141E4AA5AF000CD03F /* LegUpUITests.swift in Sources */,
			);
			runOnlyForDeploymentPostprocessing = 0;
		};
/* End PBXSourcesBuildPhase section */

/* Begin PBXTargetDependency section */
		3882BF061E4AA5AF000CD03F /* PBXTargetDependency */ = {
			isa = PBXTargetDependency;
			target = 3882BEEC1E4AA5AE000CD03F /* LegUp */;
			targetProxy = 3882BF051E4AA5AF000CD03F /* PBXContainerItemProxy */;
		};
		3882BF111E4AA5AF000CD03F /* PBXTargetDependency */ = {
			isa = PBXTargetDependency;
			target = 3882BEEC1E4AA5AE000CD03F /* LegUp */;
			targetProxy = 3882BF101E4AA5AF000CD03F /* PBXContainerItemProxy */;
		};
/* End PBXTargetDependency section */

/* Begin PBXVariantGroup section */
		3882BEF41E4AA5AF000CD03F /* Main.storyboard */ = {
			isa = PBXVariantGroup;
			children = (
				3882BEF51E4AA5AF000CD03F /* Base */,
			);
			name = Main.storyboard;
			sourceTree = "<group>";
		};
		3882BEFC1E4AA5AF000CD03F /* LaunchScreen.storyboard */ = {
			isa = PBXVariantGroup;
			children = (
				3882BEFD1E4AA5AF000CD03F /* Base */,
			);
			name = LaunchScreen.storyboard;
			sourceTree = "<group>";
		};
/* End PBXVariantGroup section */

/* Begin XCBuildConfiguration section */
		3882BF161E4AA5AF000CD03F /* Debug */ = {
			isa = XCBuildConfiguration;
			buildSettings = {
				ALWAYS_SEARCH_USER_PATHS = NO;
				CLANG_ANALYZER_NONNULL = YES;
				CLANG_CXX_LANGUAGE_STANDARD = "gnu++0x";
				CLANG_CXX_LIBRARY = "libc++";
				CLANG_ENABLE_MODULES = YES;
				CLANG_ENABLE_OBJC_ARC = YES;
				CLANG_WARN_BOOL_CONVERSION = YES;
				CLANG_WARN_CONSTANT_CONVERSION = YES;
				CLANG_WARN_DIRECT_OBJC_ISA_USAGE = YES_ERROR;
				CLANG_WARN_EMPTY_BODY = YES;
				CLANG_WARN_ENUM_CONVERSION = YES;
				CLANG_WARN_INFINITE_RECURSION = YES;
				CLANG_WARN_INT_CONVERSION = YES;
				CLANG_WARN_OBJC_ROOT_CLASS = YES_ERROR;
				CLANG_WARN_SUSPICIOUS_MOVE = YES;
				CLANG_WARN_UNREACHABLE_CODE = YES;
				CLANG_WARN__DUPLICATE_METHOD_MATCH = YES;
				"CODE_SIGN_IDENTITY[sdk=iphoneos*]" = "iPhone Developer";
				COPY_PHASE_STRIP = NO;
				DEBUG_INFORMATION_FORMAT = dwarf;
				ENABLE_STRICT_OBJC_MSGSEND = YES;
				ENABLE_TESTABILITY = YES;
				GCC_C_LANGUAGE_STANDARD = gnu99;
				GCC_DYNAMIC_NO_PIC = NO;
				GCC_NO_COMMON_BLOCKS = YES;
				GCC_OPTIMIZATION_LEVEL = 0;
				GCC_PREPROCESSOR_DEFINITIONS = (
					"DEBUG=1",
					"$(inherited)",
				);
				GCC_WARN_64_TO_32_BIT_CONVERSION = YES;
				GCC_WARN_ABOUT_RETURN_TYPE = YES_ERROR;
				GCC_WARN_UNDECLARED_SELECTOR = YES;
				GCC_WARN_UNINITIALIZED_AUTOS = YES_AGGRESSIVE;
				GCC_WARN_UNUSED_FUNCTION = YES;
				GCC_WARN_UNUSED_VARIABLE = YES;
				IPHONEOS_DEPLOYMENT_TARGET = 9.3;
				MTL_ENABLE_DEBUG_INFO = YES;
				ONLY_ACTIVE_ARCH = YES;
				SDKROOT = iphoneos;
				SWIFT_OPTIMIZATION_LEVEL = "-Onone";
				TARGETED_DEVICE_FAMILY = "1,2";
			};
			name = Debug;
		};
		3882BF171E4AA5AF000CD03F /* Release */ = {
			isa = XCBuildConfiguration;
			buildSettings = {
				ALWAYS_SEARCH_USER_PATHS = NO;
				CLANG_ANALYZER_NONNULL = YES;
				CLANG_CXX_LANGUAGE_STANDARD = "gnu++0x";
				CLANG_CXX_LIBRARY = "libc++";
				CLANG_ENABLE_MODULES = YES;
				CLANG_ENABLE_OBJC_ARC = YES;
				CLANG_WARN_BOOL_CONVERSION = YES;
				CLANG_WARN_CONSTANT_CONVERSION = YES;
				CLANG_WARN_DIRECT_OBJC_ISA_USAGE = YES_ERROR;
				CLANG_WARN_EMPTY_BODY = YES;
				CLANG_WARN_ENUM_CONVERSION = YES;
				CLANG_WARN_INFINITE_RECURSION = YES;
				CLANG_WARN_INT_CONVERSION = YES;
				CLANG_WARN_OBJC_ROOT_CLASS = YES_ERROR;
				CLANG_WARN_SUSPICIOUS_MOVE = YES;
				CLANG_WARN_UNREACHABLE_CODE = YES;
				CLANG_WARN__DUPLICATE_METHOD_MATCH = YES;
				"CODE_SIGN_IDENTITY[sdk=iphoneos*]" = "iPhone Developer";
				COPY_PHASE_STRIP = NO;
				DEBUG_INFORMATION_FORMAT = "dwarf-with-dsym";
				ENABLE_NS_ASSERTIONS = NO;
				ENABLE_STRICT_OBJC_MSGSEND = YES;
				GCC_C_LANGUAGE_STANDARD = gnu99;
				GCC_NO_COMMON_BLOCKS = YES;
				GCC_WARN_64_TO_32_BIT_CONVERSION = YES;
				GCC_WARN_ABOUT_RETURN_TYPE = YES_ERROR;
				GCC_WARN_UNDECLARED_SELECTOR = YES;
				GCC_WARN_UNINITIALIZED_AUTOS = YES_AGGRESSIVE;
				GCC_WARN_UNUSED_FUNCTION = YES;
				GCC_WARN_UNUSED_VARIABLE = YES;
				IPHONEOS_DEPLOYMENT_TARGET = 9.3;
				MTL_ENABLE_DEBUG_INFO = NO;
				SDKROOT = iphoneos;
				SWIFT_OPTIMIZATION_LEVEL = "-Owholemodule";
				TARGETED_DEVICE_FAMILY = "1,2";
				VALIDATE_PRODUCT = YES;
			};
			name = Release;
		};
		3882BF191E4AA5AF000CD03F /* Debug */ = {
			isa = XCBuildConfiguration;
			baseConfigurationReference = 926C8D43A1013FA74DBEB55C /* Pods-LegUp.debug.xcconfig */;
			buildSettings = {
				ASSETCATALOG_COMPILER_APPICON_NAME = AppIcon;
				DEVELOPMENT_TEAM = DWU3HEQTV9;
				INFOPLIST_FILE = LegUp/Info.plist;
				LD_RUNPATH_SEARCH_PATHS = "$(inherited) @executable_path/Frameworks";
				PRODUCT_BUNDLE_IDENTIFIER = Kosoko.LegUp;
				PRODUCT_NAME = "$(TARGET_NAME)";
				SWIFT_VERSION = 3.0;
			};
			name = Debug;
		};
		3882BF1A1E4AA5AF000CD03F /* Release */ = {
			isa = XCBuildConfiguration;
			baseConfigurationReference = 020E34D153F044789C831FB2 /* Pods-LegUp.release.xcconfig */;
			buildSettings = {
				ASSETCATALOG_COMPILER_APPICON_NAME = AppIcon;
				DEVELOPMENT_TEAM = DWU3HEQTV9;
				INFOPLIST_FILE = LegUp/Info.plist;
				LD_RUNPATH_SEARCH_PATHS = "$(inherited) @executable_path/Frameworks";
				PRODUCT_BUNDLE_IDENTIFIER = Kosoko.LegUp;
				PRODUCT_NAME = "$(TARGET_NAME)";
				SWIFT_VERSION = 3.0;
			};
			name = Release;
		};
		3882BF1C1E4AA5AF000CD03F /* Debug */ = {
			isa = XCBuildConfiguration;
			baseConfigurationReference = DAA217FEDC53C525C5917BF3 /* Pods-LegUpTests.debug.xcconfig */;
			buildSettings = {
				BUNDLE_LOADER = "$(TEST_HOST)";
				INFOPLIST_FILE = LegUpTests/Info.plist;
				LD_RUNPATH_SEARCH_PATHS = "$(inherited) @executable_path/Frameworks @loader_path/Frameworks";
				PRODUCT_BUNDLE_IDENTIFIER = Kosoko.LegUpTests;
				PRODUCT_NAME = "$(TARGET_NAME)";
				SWIFT_VERSION = 3.0;
				TEST_HOST = "$(BUILT_PRODUCTS_DIR)/LegUp.app/LegUp";
			};
			name = Debug;
		};
		3882BF1D1E4AA5AF000CD03F /* Release */ = {
			isa = XCBuildConfiguration;
			baseConfigurationReference = CE1B8FB8EAA0398FC33C6D5F /* Pods-LegUpTests.release.xcconfig */;
			buildSettings = {
				BUNDLE_LOADER = "$(TEST_HOST)";
				INFOPLIST_FILE = LegUpTests/Info.plist;
				LD_RUNPATH_SEARCH_PATHS = "$(inherited) @executable_path/Frameworks @loader_path/Frameworks";
				PRODUCT_BUNDLE_IDENTIFIER = Kosoko.LegUpTests;
				PRODUCT_NAME = "$(TARGET_NAME)";
				SWIFT_VERSION = 3.0;
				TEST_HOST = "$(BUILT_PRODUCTS_DIR)/LegUp.app/LegUp";
			};
			name = Release;
		};
		3882BF1F1E4AA5AF000CD03F /* Debug */ = {
			isa = XCBuildConfiguration;
			baseConfigurationReference = 565D2966BED73D3A05469075 /* Pods-LegUpUITests.debug.xcconfig */;
			buildSettings = {
				INFOPLIST_FILE = LegUpUITests/Info.plist;
				LD_RUNPATH_SEARCH_PATHS = "$(inherited) @executable_path/Frameworks @loader_path/Frameworks";
				PRODUCT_BUNDLE_IDENTIFIER = Kosoko.LegUpUITests;
				PRODUCT_NAME = "$(TARGET_NAME)";
				SWIFT_VERSION = 3.0;
				TEST_TARGET_NAME = LegUp;
			};
			name = Debug;
		};
		3882BF201E4AA5AF000CD03F /* Release */ = {
			isa = XCBuildConfiguration;
			baseConfigurationReference = DF3ED9CC924EFF7619998D45 /* Pods-LegUpUITests.release.xcconfig */;
			buildSettings = {
				INFOPLIST_FILE = LegUpUITests/Info.plist;
				LD_RUNPATH_SEARCH_PATHS = "$(inherited) @executable_path/Frameworks @loader_path/Frameworks";
				PRODUCT_BUNDLE_IDENTIFIER = Kosoko.LegUpUITests;
				PRODUCT_NAME = "$(TARGET_NAME)";
				SWIFT_VERSION = 3.0;
				TEST_TARGET_NAME = LegUp;
			};
			name = Release;
		};
/* End XCBuildConfiguration section */

/* Begin XCConfigurationList section */
		3882BEE81E4AA5AE000CD03F /* Build configuration list for PBXProject "LegUp" */ = {
			isa = XCConfigurationList;
			buildConfigurations = (
				3882BF161E4AA5AF000CD03F /* Debug */,
				3882BF171E4AA5AF000CD03F /* Release */,
			);
			defaultConfigurationIsVisible = 0;
			defaultConfigurationName = Release;
		};
		3882BF181E4AA5AF000CD03F /* Build configuration list for PBXNativeTarget "LegUp" */ = {
			isa = XCConfigurationList;
			buildConfigurations = (
				3882BF191E4AA5AF000CD03F /* Debug */,
				3882BF1A1E4AA5AF000CD03F /* Release */,
			);
			defaultConfigurationIsVisible = 0;
			defaultConfigurationName = Release;
		};
		3882BF1B1E4AA5AF000CD03F /* Build configuration list for PBXNativeTarget "LegUpTests" */ = {
			isa = XCConfigurationList;
			buildConfigurations = (
				3882BF1C1E4AA5AF000CD03F /* Debug */,
				3882BF1D1E4AA5AF000CD03F /* Release */,
			);
			defaultConfigurationIsVisible = 0;
			defaultConfigurationName = Release;
		};
		3882BF1E1E4AA5AF000CD03F /* Build configuration list for PBXNativeTarget "LegUpUITests" */ = {
			isa = XCConfigurationList;
			buildConfigurations = (
				3882BF1F1E4AA5AF000CD03F /* Debug */,
				3882BF201E4AA5AF000CD03F /* Release */,
			);
			defaultConfigurationIsVisible = 0;
			defaultConfigurationName = Release;
		};
/* End XCConfigurationList section */

/* Begin XCVersionGroup section */
		3882BEF71E4AA5AF000CD03F /* LegUp.xcdatamodeld */ = {
			isa = XCVersionGroup;
			children = (
				3882BEF81E4AA5AF000CD03F /* LegUp.xcdatamodel */,
			);
			currentVersion = 3882BEF81E4AA5AF000CD03F /* LegUp.xcdatamodel */;
			path = LegUp.xcdatamodeld;
			sourceTree = "<group>";
			versionGroupType = wrapper.xcdatamodel;
		};
/* End XCVersionGroup section */
	};
	rootObject = 3882BEE51E4AA5AE000CD03F /* Project object */;
}
